
Microsoft Visual Studio Solution File, Format Version 12.00
# Visual Studio Version 16
VisualStudioVersion = 16.0.30204.135
MinimumVisualStudioVersion = 10.0.40219.1
Project("{FAE04EC0-301F-11D3-BF4B-00C04F79EFBC}") = "Produção", "Produção.csproj", "{88188929-FC01-440F-BB22-AAB96BFD0021}"
EndProject
Global
	GlobalSection(SolutionConfigurationPlatforms) = preSolution
		Debug|Any CPU = Debug|Any CPU
		Release|Any CPU = Release|Any CPU
	EndGlobalSection
	GlobalSection(ProjectConfigurationPlatforms) = postSolution
		{88188929-FC01-440F-BB22-AAB96BFD0021}.Debug|Any CPU.ActiveCfg = Debug|Any CPU
		{88188929-FC01-440F-BB22-AAB96BFD0021}.Debug|Any CPU.Build.0 = Debug|Any CPU
		{88188929-FC01-440F-BB22-AAB96BFD0021}.Release|Any CPU.ActiveCfg = Release|Any CPU
		{88188929-FC01-440F-BB22-AAB96BFD0021}.Release|Any CPU.Build.0 = Release|Any CPU
	EndGlobalSection
	GlobalSection(SolutionProperties) = preSolution
		HideSolutionNode = FALSE
	EndGlobalSection
	GlobalSection(ExtensibilityGlobals) = postSolution
		SolutionGuid = {63605C64-14A2-48EF-9632-C8C34C7A864F}
	EndGlobalSection
EndGlobal
